{
  "name": "lecture53",
  "lockfileVersion": 3,
  "requires": true,
  "packages": {
    "": {
      "dependencies": {
        "aws-xray-sdk": "^3.10.3"
      }
    },
    "node_modules/@aws-sdk/types": {
      "version": "3.862.0",
      "resolved": "https://registry.npmjs.org/@aws-sdk/types/-/types-3.862.0.tgz",
      "integrity": "sha512-Bei+RL0cDxxV+lW2UezLbCYYNeJm6Nzee0TpW0FfyTRBhH9C1XQh4+x+IClriXvgBnRquTMMYsmJfvx8iyLKrg==",
      "license": "Apache-2.0",
      "dependencies": {
        "@smithy/types": "^4.3.2",
        "tslib": "^2.6.2"
      },
      "engines": {
        "node": ">=18.0.0"
      }
    },
    "node_modules/@smithy/service-error-classification": {
      "version": "2.1.5",
      "resolved": "https://registry.npmjs.org/@smithy/service-error-classification/-/service-error-classification-2.1.5.tgz",
      "integrity": "sha512-uBDTIBBEdAQryvHdc5W8sS5YX7RQzF683XrHePVdFmAgKiMofU15FLSM0/HU03hKTnazdNRFa0YHS7+ArwoUSQ==",
      "license": "Apache-2.0",
      "dependencies": {
        "@smithy/types": "^2.12.0"
      },
      "engines": {
        "node": ">=14.0.0"
      }
    },
    "node_modules/@smithy/service-error-classification/node_modules/@smithy/types": {
      "version": "2.12.0",
      "resolved": "https://registry.npmjs.org/@smithy/types/-/types-2.12.0.tgz",
      "integrity": "sha512-QwYgloJ0sVNBeBuBs65cIkTbfzV/Q6ZNPCJ99EICFEdJYG50nGIY/uYXp+TbsdJReIuPr0a0kXmCvren3MbRRw==",
      "license": "Apache-2.0",
      "dependencies": {
        "tslib": "^2.6.2"
      },
      "engines": {
        "node": ">=14.0.0"
      }
    },
    "node_modules/@smithy/types": {
      "version": "4.3.2",
      "resolved": "https://registry.npmjs.org/@smithy/types/-/types-4.3.2.tgz",
      "integrity": "sha512-QO4zghLxiQ5W9UZmX2Lo0nta2PuE1sSrXUYDoaB6HMR762C0P7v/HEPHf6ZdglTVssJG1bsrSBxdc3quvDSihw==",
      "license": "Apache-2.0",
      "dependencies": {
        "tslib": "^2.6.2"
      },
      "engines": {
        "node": ">=18.0.0"
      }
    },
    "node_modules/@types/body-parser": {
      "version": "1.19.6",
      "resolved": "https://registry.npmjs.org/@types/body-parser/-/body-parser-1.19.6.tgz",
      "integrity": "sha512-HLFeCYgz89uk22N5Qg3dvGvsv46B8GLvKKo1zKG4NybA8U2DiEO3w9lqGg29t/tfLRJpJ6iQxnVw4OnB7MoM9g==",
      "license": "MIT",
      "dependencies": {
        "@types/connect": "*",
        "@types/node": "*"
      }
    },
    "node_modules/@types/cls-hooked": {
      "version": "4.3.9",
      "resolved": "https://registry.npmjs.org/@types/cls-hooked/-/cls-hooked-4.3.9.tgz",
      "integrity": "sha512-CMtHMz6Q/dkfcHarq9nioXH8BDPP+v5xvd+N90lBQ2bdmu06UvnLDqxTKoOJzz4SzIwb/x9i4UXGAAcnUDuIvg==",
      "license": "MIT",
      "dependencies": {
        "@types/node": "*"
      }
    },
    "node_modules/@types/connect": {
      "version": "3.4.38",
      "resolved": "https://registry.npmjs.org/@types/connect/-/connect-3.4.38.tgz",
      "integrity": "sha512-K6uROf1LD88uDQqJCktA4yzL1YYAK6NgfsI0v/mTgyPKWsX1CnJ0XPSDhViejru1GcRkLWb8RlzFYJRqGUbaug==",
      "license": "MIT",
      "dependencies": {
        "@types/node": "*"
      }
    },
    "node_modules/@types/express": {
      "version": "5.0.3",
      "resolved": "https://registry.npmjs.org/@types/express/-/express-5.0.3.tgz",
      "integrity": "sha512-wGA0NX93b19/dZC1J18tKWVIYWyyF2ZjT9vin/NRu0qzzvfVzWjs04iq2rQ3H65vCTQYlRqs3YHfY7zjdV+9Kw==",
      "license": "MIT",
      "dependencies": {
        "@types/body-parser": "*",
        "@types/express-serve-static-core": "^5.0.0",
        "@types/serve-static": "*"
      }
    },
    "node_modules/@types/express-serve-static-core": {
      "version": "5.0.7",
      "resolved": "https://registry.npmjs.org/@types/express-serve-static-core/-/express-serve-static-core-5.0.7.tgz",
      "integrity": "sha512-R+33OsgWw7rOhD1emjU7dzCDHucJrgJXMA5PYCzJxVil0dsyx5iBEPHqpPfiKNJQb7lZ1vxwoLR4Z87bBUpeGQ==",
      "license": "MIT",
      "dependencies": {
        "@types/node": "*",
        "@types/qs": "*",
        "@types/range-parser": "*",
        "@types/send": "*"
      }
    },
    "node_modules/@types/http-errors": {
      "version": "2.0.5",
      "resolved": "https://registry.npmjs.org/@types/http-errors/-/http-errors-2.0.5.tgz",
      "integrity": "sha512-r8Tayk8HJnX0FztbZN7oVqGccWgw98T/0neJphO91KkmOzug1KkofZURD4UaD5uH8AqcFLfdPErnBod0u71/qg==",
      "license": "MIT"
    },
    "node_modules/@types/mime": {
      "version": "1.3.5",
      "resolved": "https://registry.npmjs.org/@types/mime/-/mime-1.3.5.tgz",
      "integrity": "sha512-/pyBZWSLD2n0dcHE3hq8s8ZvcETHtEuF+3E7XVt0Ig2nvsVQXdghHVcEkIWjy9A0wKfTn97a/PSDYohKIlnP/w==",
      "license": "MIT"
    },
    "node_modules/@types/mysql": {
      "version": "2.15.27",
      "resolved": "https://registry.npmjs.org/@types/mysql/-/mysql-2.15.27.tgz",
      "integrity": "sha512-YfWiV16IY0OeBfBCk8+hXKmdTKrKlwKN1MNKAPBu5JYxLwBEZl7QzeEpGnlZb3VMGJrrGmB84gXiH+ofs/TezA==",
      "license": "MIT",
      "dependencies": {
        "@types/node": "*"
      }
    },
    "node_modules/@types/node": {
      "version": "24.3.0",
      "resolved": "https://registry.npmjs.org/@types/node/-/node-24.3.0.tgz",
      "integrity": "sha512-aPTXCrfwnDLj4VvXrm+UUCQjNEvJgNA8s5F1cvwQU+3KNltTOkBm1j30uNLyqqPNe7gE3KFzImYoZEfLhp4Yow==",
      "license": "MIT",
      "dependencies": {
        "undici-types": "~7.10.0"
      }
    },
    "node_modules/@types/pg": {
      "version": "8.15.5",
      "resolved": "https://registry.npmjs.org/@types/pg/-/pg-8.15.5.tgz",
      "integrity": "sha512-LF7lF6zWEKxuT3/OR8wAZGzkg4ENGXFNyiV/JeOt9z5B+0ZVwbql9McqX5c/WStFq1GaGso7H1AzP/qSzmlCKQ==",
      "license": "MIT",
      "dependencies": {
        "@types/node": "*",
        "pg-protocol": "*",
        "pg-types": "^2.2.0"
      }
    },
    "node_modules/@types/qs": {
      "version": "6.14.0",
      "resolved": "https://registry.npmjs.org/@types/qs/-/qs-6.14.0.tgz",
      "integrity": "sha512-eOunJqu0K1923aExK6y8p6fsihYEn/BYuQ4g0CxAAgFc4b/ZLN4CrsRZ55srTdqoiLzU2B2evC+apEIxprEzkQ==",
      "license": "MIT"
    },
    "node_modules/@types/range-parser": {
      "version": "1.2.7",
      "resolved": "https://registry.npmjs.org/@types/range-parser/-/range-parser-1.2.7.tgz",
      "integrity": "sha512-hKormJbkJqzQGhziax5PItDUTMAM9uE2XXQmM37dyd4hVM+5aVl7oVxMVUiVQn2oCQFN/LKCZdvSM0pFRqbSmQ==",
      "license": "MIT"
    },
    "node_modules/@types/send": {
      "version": "0.17.5",
      "resolved": "https://registry.npmjs.org/@types/send/-/send-0.17.5.tgz",
      "integrity": "sha512-z6F2D3cOStZvuk2SaP6YrwkNO65iTZcwA2ZkSABegdkAh/lf+Aa/YQndZVfmEXT5vgAp6zv06VQ3ejSVjAny4w==",
      "license": "MIT",
      "dependencies": {
        "@types/mime": "^1",
        "@types/node": "*"
      }
    },
    "node_modules/@types/serve-static": {
      "version": "1.15.8",
      "resolved": "https://registry.npmjs.org/@types/serve-static/-/serve-static-1.15.8.tgz",
      "integrity": "sha512-roei0UY3LhpOJvjbIP6ZZFngyLKl5dskOtDhxY5THRSpO+ZI+nzJ+m5yUMzGrp89YRa7lvknKkMYjqQFGwA7Sg==",
      "license": "MIT",
      "dependencies": {
        "@types/http-errors": "*",
        "@types/node": "*",
        "@types/send": "*"
      }
    },
    "node_modules/async-hook-jl": {
      "version": "1.7.6",
      "resolved": "https://registry.npmjs.org/async-hook-jl/-/async-hook-jl-1.7.6.tgz",
      "integrity": "sha512-gFaHkFfSxTjvoxDMYqDuGHlcRyUuamF8s+ZTtJdDzqjws4mCt7v0vuV79/E2Wr2/riMQgtG4/yUtXWs1gZ7JMg==",
      "license": "MIT",
      "dependencies": {
        "stack-chain": "^1.3.7"
      },
      "engines": {
        "node": "^4.7 || >=6.9 || >=7.3"
      }
    },
    "node_modules/atomic-batcher": {
      "version": "1.0.2",
      "resolved": "https://registry.npmjs.org/atomic-batcher/-/atomic-batcher-1.0.2.tgz",
      "integrity": "sha512-EFGCRj4kLX1dHv1cDzTk+xbjBFj1GnJDpui52YmEcxxHHEWjYyT6l51U7n6WQ28osZH4S9gSybxe56Vm7vB61Q==",
      "license": "MIT"
    },
    "node_modules/aws-xray-sdk": {
      "version": "3.10.3",
      "resolved": "https://registry.npmjs.org/aws-xray-sdk/-/aws-xray-sdk-3.10.3.tgz",
      "integrity": "sha512-qUB7iKWQ5UaTHyZ38jDinIYEE8kJ6LtuTFzHQGeyrlyXKEAxHzU1jOzDClChs/vjG51Zz3P71mEvxHh236Hbyw==",
      "license": "Apache-2.0",
      "dependencies": {
        "aws-xray-sdk-core": "3.10.3",
        "aws-xray-sdk-express": "3.10.3",
        "aws-xray-sdk-mysql": "3.10.3",
        "aws-xray-sdk-postgres": "3.10.3"
      },
      "engines": {
        "node": ">= 14.x"
      }
    },
    "node_modules/aws-xray-sdk-core": {
      "version": "3.10.3",
      "resolved": "https://registry.npmjs.org/aws-xray-sdk-core/-/aws-xray-sdk-core-3.10.3.tgz",
      "integrity": "sha512-bltsLAr4juMJJ2tT5/L/CtwUGIvHihtPe6SO/z3jjOD73PHhOYxcuwCMFFyTbTy5S4WThJO32oZk7r+pg3ZoCQ==",
      "license": "Apache-2.0",
      "dependencies": {
        "@aws-sdk/types": "^3.4.1",
        "@smithy/service-error-classification": "^2.0.4",
        "@types/cls-hooked": "^4.3.3",
        "atomic-batcher": "^1.0.2",
        "cls-hooked": "^4.2.2",
        "semver": "^7.5.3"
      },
      "engines": {
        "node": ">= 14.x"
      }
    },
    "node_modules/aws-xray-sdk-express": {
      "version": "3.10.3",
      "resolved": "https://registry.npmjs.org/aws-xray-sdk-express/-/aws-xray-sdk-express-3.10.3.tgz",
      "integrity": "sha512-ynmpcM3X8QRt00UmgwIW2hYAJkw8vPQtdgX0SJGjizbzbAH4n3H6zfOJfq54RxANYzHSyeS/I6J3PlBJgnYQjA==",
      "license": "Apache-2.0",
      "dependencies": {
        "@types/express": "*"
      },
      "engines": {
        "node": ">= 14.x"
      },
      "peerDependencies": {
        "aws-xray-sdk-core": "^3.10.3"
      }
    },
    "node_modules/aws-xray-sdk-mysql": {
      "version": "3.10.3",
      "resolved": "https://registry.npmjs.org/aws-xray-sdk-mysql/-/aws-xray-sdk-mysql-3.10.3.tgz",
      "integrity": "sha512-aP9dXWWn2zhSr4I+IUnkwlGoLc7/pzjFegiW3w7qcFP+WwTU4tbme99igqT0edPVFSOeGMq8zMt/IL2gmER7Lg==",
      "license": "Apache-2.0",
      "dependencies": {
        "@types/mysql": "*"
      },
      "engines": {
        "node": ">= 14.x"
      },
      "peerDependencies": {
        "aws-xray-sdk-core": "^3.10.3"
      }
    },
    "node_modules/aws-xray-sdk-postgres": {
      "version": "3.10.3",
      "resolved": "https://registry.npmjs.org/aws-xray-sdk-postgres/-/aws-xray-sdk-postgres-3.10.3.tgz",
      "integrity": "sha512-Etz1W8UltrG8Up2tAh6OizCOXQFaAcgDAs8EoOaELnorWKhQe+iG6+vgZSAVnNKiyEAFRY97O9PPFD2U05RqNg==",
      "license": "Apache-2.0",
      "dependencies": {
        "@types/pg": "*"
      },
      "engines": {
        "node": ">= 14.x"
      },
      "peerDependencies": {
        "aws-xray-sdk-core": "^3.10.3"
      }
    },
    "node_modules/cls-hooked": {
      "version": "4.2.2",
      "resolved": "https://registry.npmjs.org/cls-hooked/-/cls-hooked-4.2.2.tgz",
      "integrity": "sha512-J4Xj5f5wq/4jAvcdgoGsL3G103BtWpZrMo8NEinRltN+xpTZdI+M38pyQqhuFU/P792xkMFvnKSf+Lm81U1bxw==",
      "license": "BSD-2-Clause",
      "dependencies": {
        "async-hook-jl": "^1.7.6",
        "emitter-listener": "^1.0.1",
        "semver": "^5.4.1"
      },
      "engines": {
        "node": "^4.7 || >=6.9 || >=7.3 || >=8.2.1"
      }
    },
    "node_modules/cls-hooked/node_modules/semver": {
      "version": "5.7.2",
      "resolved": "https://registry.npmjs.org/semver/-/semver-5.7.2.tgz",
      "integrity": "sha512-cBznnQ9KjJqU67B52RMC65CMarK2600WFnbkcaiwWq3xy/5haFJlshgnpjovMVJ+Hff49d8GEn0b87C5pDQ10g==",
      "license": "ISC",
      "bin": {
        "semver": "bin/semver"
      }
    },
    "node_modules/emitter-listener": {
      "version": "1.1.2",
      "resolved": "https://registry.npmjs.org/emitter-listener/-/emitter-listener-1.1.2.tgz",
      "integrity": "sha512-Bt1sBAGFHY9DKY+4/2cV6izcKJUf5T7/gkdmkxzX/qv9CcGH8xSwVRW5mtX03SWJtRTWSOpzCuWN9rBFYZepZQ==",
      "license": "BSD-2-Clause",
      "dependencies": {
        "shimmer": "^1.2.0"
      }
    },
    "node_modules/pg-int8": {
      "version": "1.0.1",
      "resolved": "https://registry.npmjs.org/pg-int8/-/pg-int8-1.0.1.tgz",
      "integrity": "sha512-WCtabS6t3c8SkpDBUlb1kjOs7l66xsGdKpIPZsg4wR+B3+u9UAum2odSsF9tnvxg80h4ZxLWMy4pRjOsFIqQpw==",
      "license": "ISC",
      "engines": {
        "node": ">=4.0.0"
      }
    },
    "node_modules/pg-protocol": {
      "version": "1.10.3",
      "resolved": "https://registry.npmjs.org/pg-protocol/-/pg-protocol-1.10.3.tgz",
      "integrity": "sha512-6DIBgBQaTKDJyxnXaLiLR8wBpQQcGWuAESkRBX/t6OwA8YsqP+iVSiond2EDy6Y/dsGk8rh/jtax3js5NeV7JQ==",
      "license": "MIT"
    },
    "node_modules/pg-types": {
      "version": "2.2.0",
      "resolved": "https://registry.npmjs.org/pg-types/-/pg-types-2.2.0.tgz",
      "integrity": "sha512-qTAAlrEsl8s4OiEQY69wDvcMIdQN6wdz5ojQiOy6YRMuynxenON0O5oCpJI6lshc6scgAY8qvJ2On/p+CXY0GA==",
      "license": "MIT",
      "dependencies": {
        "pg-int8": "1.0.1",
        "postgres-array": "~2.0.0",
        "postgres-bytea": "~1.0.0",
        "postgres-date": "~1.0.4",
        "postgres-interval": "^1.1.0"
      },
      "engines": {
        "node": ">=4"
      }
    },
    "node_modules/postgres-array": {
      "version": "2.0.0",
      "resolved": "https://registry.npmjs.org/postgres-array/-/postgres-array-2.0.0.tgz",
      "integrity": "sha512-VpZrUqU5A69eQyW2c5CA1jtLecCsN2U/bD6VilrFDWq5+5UIEVO7nazS3TEcHf1zuPYO/sqGvUvW62g86RXZuA==",
      "license": "MIT",
      "engines": {
        "node": ">=4"
      }
    },
    "node_modules/postgres-bytea": {
      "version": "1.0.0",
      "resolved": "https://registry.npmjs.org/postgres-bytea/-/postgres-bytea-1.0.0.tgz",
      "integrity": "sha512-xy3pmLuQqRBZBXDULy7KbaitYqLcmxigw14Q5sj8QBVLqEwXfeybIKVWiqAXTlcvdvb0+xkOtDbfQMOf4lST1w==",
      "license": "MIT",
      "engines": {
        "node": ">=0.10.0"
      }
    },
    "node_modules/postgres-date": {
      "version": "1.0.7",
      "resolved": "https://registry.npmjs.org/postgres-date/-/postgres-date-1.0.7.tgz",
      "integrity": "sha512-suDmjLVQg78nMK2UZ454hAG+OAW+HQPZ6n++TNDUX+L0+uUlLywnoxJKDou51Zm+zTCjrCl0Nq6J9C5hP9vK/Q==",
      "license": "MIT",
      "engines": {
        "node": ">=0.10.0"
      }
    },
    "node_modules/postgres-interval": {
      "version": "1.2.0",
      "resolved": "https://registry.npmjs.org/postgres-interval/-/postgres-interval-1.2.0.tgz",
      "integrity": "sha512-9ZhXKM/rw350N1ovuWHbGxnGh/SNJ4cnxHiM0rxE4VN41wsg8P8zWn9hv/buK00RP4WvlOyr/RBDiptyxVbkZQ==",
      "license": "MIT",
      "dependencies": {
        "xtend": "^4.0.0"
      },
      "engines": {
        "node": ">=0.10.0"
      }
    },
    "node_modules/semver": {
      "version": "7.7.2",
      "resolved": "https://registry.npmjs.org/semver/-/semver-7.7.2.tgz",
      "integrity": "sha512-RF0Fw+rO5AMf9MAyaRXI4AV0Ulj5lMHqVxxdSgiVbixSCXoEmmX/jk0CuJw4+3SqroYO9VoUh+HcuJivvtJemA==",
      "license": "ISC",
      "bin": {
        "semver": "bin/semver.js"
      },
      "engines": {
        "node": ">=10"
      }
    },
    "node_modules/shimmer": {
      "version": "1.2.1",
      "resolved": "https://registry.npmjs.org/shimmer/-/shimmer-1.2.1.tgz",
      "integrity": "sha512-sQTKC1Re/rM6XyFM6fIAGHRPVGvyXfgzIDvzoq608vM+jeyVD0Tu1E6Np0Kc2zAIFWIj963V2800iF/9LPieQw==",
      "license": "BSD-2-Clause"
    },
    "node_modules/stack-chain": {
      "version": "1.3.7",
      "resolved": "https://registry.npmjs.org/stack-chain/-/stack-chain-1.3.7.tgz",
      "integrity": "sha512-D8cWtWVdIe/jBA7v5p5Hwl5yOSOrmZPWDPe2KxQ5UAGD+nxbxU0lKXA4h85Ta6+qgdKVL3vUxsbIZjc1kBG7ug==",
      "license": "MIT"
    },
    "node_modules/tslib": {
      "version": "2.8.1",
      "resolved": "https://registry.npmjs.org/tslib/-/tslib-2.8.1.tgz",
      "integrity": "sha512-oJFu94HQb+KVduSUQL7wnpmqnfmLsOA/nAh6b6EH0wCEoK0/mPeXU6c3wKDV83MkOuHPRHtSXKKU99IBazS/2w==",
      "license": "0BSD"
    },
    "node_modules/undici-types": {
      "version": "7.10.0",
      "resolved": "https://registry.npmjs.org/undici-types/-/undici-types-7.10.0.tgz",
      "integrity": "sha512-t5Fy/nfn+14LuOc2KNYg75vZqClpAiqscVvMygNnlsHBFpSXdJaYtXMcdNLpl/Qvc3P2cB3s6lOV51nqsFq4ag==",
      "license": "MIT"
    },
    "node_modules/xtend": {
      "version": "4.0.2",
      "resolved": "https://registry.npmjs.org/xtend/-/xtend-4.0.2.tgz",
      "integrity": "sha512-LKYU1iAXJXUgAXn9URjiu+MWhyUXHsvfp7mcuYm9dSUKK0/CjtrUwFAxD82/mCWbtLsGjFIad0wIsod4zrTAEQ==",
      "license": "MIT",
      "engines": {
        "node": ">=0.4"
      }
    }
  }
}
